
Microsoft Visual Studio Solution File, Format Version 12.00
# Visual Studio 15
VisualStudioVersion = 15.0.27130.2010
MinimumVisualStudioVersion = 10.0.40219.1
Project("{FAE04EC0-301F-11D3-BF4B-00C04F79EFBC}") = "HackerNewsApi", "HackerNewsApi\HackerNewsApi.csproj", "{461B298A-1A3A-4B36-8595-5B671327E45D}"
EndProject
Project("{FAE04EC0-301F-11D3-BF4B-00C04F79EFBC}") = "HackerNewsApi.Tests", "HackerNewsApi.Tests\HackerNewsApi.Tests.csproj", "{7FBB0547-1233-4739-8C50-6EEA0841431E}"
EndProject
Global
	GlobalSection(SolutionConfigurationPlatforms) = preSolution
		Debug|Any CPU = Debug|Any CPU
		Release|Any CPU = Release|Any CPU
	EndGlobalSection
	GlobalSection(ProjectConfigurationPlatforms) = postSolution
		{461B298A-1A3A-4B36-8595-5B671327E45D}.Debug|Any CPU.ActiveCfg = Debug|Any CPU
		{461B298A-1A3A-4B36-8595-5B671327E45D}.Debug|Any CPU.Build.0 = Debug|Any CPU
		{461B298A-1A3A-4B36-8595-5B671327E45D}.Release|Any CPU.ActiveCfg = Release|Any CPU
		{461B298A-1A3A-4B36-8595-5B671327E45D}.Release|Any CPU.Build.0 = Release|Any CPU
		{7FBB0547-1233-4739-8C50-6EEA0841431E}.Debug|Any CPU.ActiveCfg = Debug|Any CPU
		{7FBB0547-1233-4739-8C50-6EEA0841431E}.Debug|Any CPU.Build.0 = Debug|Any CPU
		{7FBB0547-1233-4739-8C50-6EEA0841431E}.Release|Any CPU.ActiveCfg = Release|Any CPU
		{7FBB0547-1233-4739-8C50-6EEA0841431E}.Release|Any CPU.Build.0 = Release|Any CPU
	EndGlobalSection
	GlobalSection(SolutionProperties) = preSolution
		HideSolutionNode = FALSE
	EndGlobalSection
	GlobalSection(ExtensibilityGlobals) = postSolution
		SolutionGuid = {C287C24C-AC82-4D23-8C1A-37807C9F99F3}
	EndGlobalSection
EndGlobal
